
Microsoft Visual Studio Solution File, Format Version 12.00
# Visual Studio Version 17
VisualStudioVersion = 17.3.32819.101
MinimumVisualStudioVersion = 10.0.40219.1
Project("{FAE04EC0-301F-11D3-BF4B-00C04F79EFBC}") = "PK10", "PK10.csproj", "{0F79EC76-23F2-4736-8DCD-397099FB8F07}"
EndProject
Global
	GlobalSection(SolutionConfigurationPlatforms) = preSolution
		Debug|Any CPU = Debug|Any CPU
		Release|Any CPU = Release|Any CPU
	EndGlobalSection
	GlobalSection(ProjectConfigurationPlatforms) = postSolution
		{0F79EC76-23F2-4736-8DCD-397099FB8F07}.Debug|Any CPU.ActiveCfg = Debug|Any CPU
		{0F79EC76-23F2-4736-8DCD-397099FB8F07}.Debug|Any CPU.Build.0 = Debug|Any CPU
		{0F79EC76-23F2-4736-8DCD-397099FB8F07}.Release|Any CPU.ActiveCfg = Release|Any CPU
		{0F79EC76-23F2-4736-8DCD-397099FB8F07}.Release|Any CPU.Build.0 = Release|Any CPU
	EndGlobalSection
	GlobalSection(SolutionProperties) = preSolution
		HideSolutionNode = FALSE
	EndGlobalSection
	GlobalSection(ExtensibilityGlobals) = postSolution
		SolutionGuid = {04BEE0AF-5FDD-4ECB-9AC4-7A526C4CE554}
	EndGlobalSection
EndGlobal
